
Microsoft Visual Studio Solution File, Format Version 12.00
# Visual Studio Version 17
VisualStudioVersion = 17.0.31611.283
MinimumVisualStudioVersion = 10.0.40219.1
Project("{9A19103F-16F7-4668-BE54-9A1E7A4F7556}") = "Transcribe", "Transcribe\Transcribe.csproj", "{48F0697E-0EB5-43C4-A869-403BEFEA195B}"
EndProject
Project("{FAE04EC0-301F-11D3-BF4B-00C04F79EFBC}") = "Transcribe.ApiClient", "Transcribe.ApiClient\Transcribe.ApiClient.csproj", "{7AB4D0D8-25C7-4FE7-A38D-D87523B2EF1D}"
EndProject
Global
	GlobalSection(SolutionConfigurationPlatforms) = preSolution
		Debug|Any CPU = Debug|Any CPU
		Release|Any CPU = Release|Any CPU
	EndGlobalSection
	GlobalSection(ProjectConfigurationPlatforms) = postSolution
		{48F0697E-0EB5-43C4-A869-403BEFEA195B}.Debug|Any CPU.ActiveCfg = Debug|Any CPU
		{48F0697E-0EB5-43C4-A869-403BEFEA195B}.Debug|Any CPU.Build.0 = Debug|Any CPU
		{48F0697E-0EB5-43C4-A869-403BEFEA195B}.Debug|Any CPU.Deploy.0 = Debug|Any CPU
		{48F0697E-0EB5-43C4-A869-403BEFEA195B}.Release|Any CPU.ActiveCfg = Release|Any CPU
		{48F0697E-0EB5-43C4-A869-403BEFEA195B}.Release|Any CPU.Build.0 = Release|Any CPU
		{48F0697E-0EB5-43C4-A869-403BEFEA195B}.Release|Any CPU.Deploy.0 = Release|Any CPU
		{7AB4D0D8-25C7-4FE7-A38D-D87523B2EF1D}.Debug|Any CPU.ActiveCfg = Debug|Any CPU
		{7AB4D0D8-25C7-4FE7-A38D-D87523B2EF1D}.Debug|Any CPU.Build.0 = Debug|Any CPU
		{7AB4D0D8-25C7-4FE7-A38D-D87523B2EF1D}.Release|Any CPU.ActiveCfg = Release|Any CPU
		{7AB4D0D8-25C7-4FE7-A38D-D87523B2EF1D}.Release|Any CPU.Build.0 = Release|Any CPU
	EndGlobalSection
	GlobalSection(SolutionProperties) = preSolution
		HideSolutionNode = FALSE
	EndGlobalSection
	GlobalSection(ExtensibilityGlobals) = postSolution
		SolutionGuid = {61F7FB11-1E47-470C-91E2-47F8143E1572}
	EndGlobalSection
EndGlobal
